
Microsoft Visual Studio Solution File, Format Version 12.00
# Visual Studio 15
VisualStudioVersion = 15.0.28307.136
MinimumVisualStudioVersion = 10.0.40219.1
Project("{F184B08F-C81C-45F6-A57F-5ABD9991F28F}") = "Console_For_Windows", "Console_For_Windows\Console_For_Windows.vbproj", "{F0579CB9-5700-47EA-BEE2-E5BBECD812A7}"
EndProject
Global
	GlobalSection(SolutionConfigurationPlatforms) = preSolution
		Debug|Any CPU = Debug|Any CPU
		Release|Any CPU = Release|Any CPU
	EndGlobalSection
	GlobalSection(ProjectConfigurationPlatforms) = postSolution
		{F0579CB9-5700-47EA-BEE2-E5BBECD812A7}.Debug|Any CPU.ActiveCfg = Debug|Any CPU
		{F0579CB9-5700-47EA-BEE2-E5BBECD812A7}.Debug|Any CPU.Build.0 = Debug|Any CPU
		{F0579CB9-5700-47EA-BEE2-E5BBECD812A7}.Release|Any CPU.ActiveCfg = Release|Any CPU
		{F0579CB9-5700-47EA-BEE2-E5BBECD812A7}.Release|Any CPU.Build.0 = Release|Any CPU
	EndGlobalSection
	GlobalSection(SolutionProperties) = preSolution
		HideSolutionNode = FALSE
	EndGlobalSection
	GlobalSection(ExtensibilityGlobals) = postSolution
		SolutionGuid = {87BFB77E-B38F-4C75-B63B-49734D3E5B93}
	EndGlobalSection
EndGlobal
